{
  "version": 4,
  "terraform_version": "1.1.8",
  "serial": 7,
  "lineage": "15753732-9cf2-afd7-d0f2-dee2f60a14eb",
  "outputs": {},
  "resources": [
    {
      "module": "module.vault_module",
      "mode": "managed",
      "type": "helm_release",
      "name": "vault",
      "provider": "module.vault_module.provider[\"registry.terraform.io/hashicorp/helm\"]",
      "instances": [
        {
          "schema_version": 0,
          "attributes": {
            "atomic": false,
            "chart": "vault",
            "cleanup_on_fail": false,
            "create_namespace": false,
            "dependency_update": false,
            "description": null,
            "devel": null,
            "disable_crd_hooks": false,
            "disable_openapi_validation": false,
            "disable_webhooks": false,
            "force_update": false,
            "id": "vault",
            "keyring": null,
            "lint": false,
            "manifest": null,
            "max_history": 0,
            "metadata": [
              {
                "app_version": "1.12.1",
                "chart": "vault",
                "name": "vault",
                "namespace": "default",
                "revision": 1,
                "values": "{\"server\":{\"dev\":{\"enabled\":true}}}",
                "version": "0.23.0"
              }
            ],
            "name": "vault",
            "namespace": "default",
            "pass_credentials": false,
            "postrender": [],
            "recreate_pods": false,
            "render_subchart_notes": true,
            "replace": false,
            "repository": "https://helm.releases.hashicorp.com",
            "repository_ca_file": null,
            "repository_cert_file": null,
            "repository_key_file": null,
            "repository_password": null,
            "repository_username": null,
            "reset_values": false,
            "reuse_values": false,
            "set": [],
            "set_sensitive": [],
            "skip_crds": false,
            "status": "deployed",
            "timeout": 300,
            "values": [
              "server:\n  dev:\n    enabled: true"
            ],
            "verify": false,
            "version": "0.23.0",
            "wait": true,
            "wait_for_jobs": false
          },
          "sensitive_attributes": [],
          "private": "bnVsbA=="
        }
      ]
    }
  ]
}
